// !$*UTF8*$!
{
	archiveVersion = 1;
	classes = {
	};
	objectVersion = 50;
	objects = {

/* Begin PBXBuildFile section */
		837ECD35221749E2007DE164 /* ScaledImageView.swift in Sources */ = {isa = PBXBuildFile; fileRef = 837ECD34221749E2007DE164 /* ScaledImageView.swift */; };
		837ECD3722174EB9007DE164 /* UIView+Extensions.swift in Sources */ = {isa = PBXBuildFile; fileRef = 837ECD3622174EB9007DE164 /* UIView+Extensions.swift */; };
		83B664652213AB050058917D /* AppDelegate.swift in Sources */ = {isa = PBXBuildFile; fileRef = 83B664642213AB050058917D /* AppDelegate.swift */; };
		83B664672213AB050058917D /* HomeController.swift in Sources */ = {isa = PBXBuildFile; fileRef = 83B664662213AB050058917D /* HomeController.swift */; };
		83B6646C2213AB060058917D /* Assets.xcassets in Resources */ = {isa = PBXBuildFile; fileRef = 83B6646B2213AB060058917D /* Assets.xcassets */; };
		83B6646F2213AB060058917D /* LaunchScreen.storyboard in Resources */ = {isa = PBXBuildFile; fileRef = 83B6646D2213AB060058917D /* LaunchScreen.storyboard */; };
		83B6647F2213AD860058917D /* Colors.swift in Sources */ = {isa = PBXBuildFile; fileRef = 83B6647E2213AD860058917D /* Colors.swift */; };
		83B664832213B26B0058917D /* APIManager.swift in Sources */ = {isa = PBXBuildFile; fileRef = 83B664822213B26B0058917D /* APIManager.swift */; };
		83B664852213B2F70058917D /* Networking.swift in Sources */ = {isa = PBXBuildFile; fileRef = 83B664842213B2F70058917D /* Networking.swift */; };
		83B664872213BA7E0058917D /* Movie.swift in Sources */ = {isa = PBXBuildFile; fileRef = 83B664862213BA7E0058917D /* Movie.swift */; };
		83B6648A2213BB440058917D /* API+Error.swift in Sources */ = {isa = PBXBuildFile; fileRef = 83B664892213BB440058917D /* API+Error.swift */; };
		83B6648C2213BFCD0058917D /* GenreList.swift in Sources */ = {isa = PBXBuildFile; fileRef = 83B6648B2213BFCD0058917D /* GenreList.swift */; };
		83B6648E2213C1B90058917D /* Genre.swift in Sources */ = {isa = PBXBuildFile; fileRef = 83B6648D2213C1B90058917D /* Genre.swift */; };
		83B664902213C93E0058917D /* MovieList.swift in Sources */ = {isa = PBXBuildFile; fileRef = 83B6648F2213C93E0058917D /* MovieList.swift */; };
		83C233D82214A7BF00943F85 /* Header.swift in Sources */ = {isa = PBXBuildFile; fileRef = 83C233D72214A7BF00943F85 /* Header.swift */; };
		83C233DC2214D76C00943F85 /* Fonts.swift in Sources */ = {isa = PBXBuildFile; fileRef = 83C233DB2214D76C00943F85 /* Fonts.swift */; };
		83C233DE2214D85600943F85 /* HeaderSearchBar.swift in Sources */ = {isa = PBXBuildFile; fileRef = 83C233DD2214D85600943F85 /* HeaderSearchBar.swift */; };
		83C233E12214F7BB00943F85 /* MovieListView.swift in Sources */ = {isa = PBXBuildFile; fileRef = 83C233E02214F7BB00943F85 /* MovieListView.swift */; };
		83C233E52214F8B100943F85 /* MovieCollectionViewController.swift in Sources */ = {isa = PBXBuildFile; fileRef = 83C233E42214F8B100943F85 /* MovieCollectionViewController.swift */; };
		83C233E82214FA4B00943F85 /* MovieDataSource.swift in Sources */ = {isa = PBXBuildFile; fileRef = 83C233E72214FA4B00943F85 /* MovieDataSource.swift */; };
		83C233EC2214FAFD00943F85 /* DataManager.swift in Sources */ = {isa = PBXBuildFile; fileRef = 83C233EB2214FAFD00943F85 /* DataManager.swift */; };
		83C233EE2214FBD100943F85 /* MovieCell.swift in Sources */ = {isa = PBXBuildFile; fileRef = 83C233ED2214FBD100943F85 /* MovieCell.swift */; };
		83C233F02215FC5D00943F85 /* ImgView+Extensions.swift in Sources */ = {isa = PBXBuildFile; fileRef = 83C233EF2215FC5D00943F85 /* ImgView+Extensions.swift */; };
/* End PBXBuildFile section */

/* Begin PBXFileReference section */
		837ECD34221749E2007DE164 /* ScaledImageView.swift */ = {isa = PBXFileReference; lastKnownFileType = sourcecode.swift; path = ScaledImageView.swift; sourceTree = "<group>"; };
		837ECD3622174EB9007DE164 /* UIView+Extensions.swift */ = {isa = PBXFileReference; lastKnownFileType = sourcecode.swift; path = "UIView+Extensions.swift"; sourceTree = "<group>"; };
		83B664612213AB050058917D /* The 10 - Chris.app */ = {isa = PBXFileReference; explicitFileType = wrapper.application; includeInIndex = 0; path = "The 10 - Chris.app"; sourceTree = BUILT_PRODUCTS_DIR; };
		83B664642213AB050058917D /* AppDelegate.swift */ = {isa = PBXFileReference; lastKnownFileType = sourcecode.swift; path = AppDelegate.swift; sourceTree = "<group>"; };
		83B664662213AB050058917D /* HomeController.swift */ = {isa = PBXFileReference; lastKnownFileType = sourcecode.swift; path = HomeController.swift; sourceTree = "<group>"; };
		83B6646B2213AB060058917D /* Assets.xcassets */ = {isa = PBXFileReference; lastKnownFileType = folder.assetcatalog; path = Assets.xcassets; sourceTree = "<group>"; };
		83B6646E2213AB060058917D /* Base */ = {isa = PBXFileReference; lastKnownFileType = file.storyboard; name = Base; path = Base.lproj/LaunchScreen.storyboard; sourceTree = "<group>"; };
		83B664702213AB060058917D /* Info.plist */ = {isa = PBXFileReference; lastKnownFileType = text.plist.xml; path = Info.plist; sourceTree = "<group>"; };
		83B6647E2213AD860058917D /* Colors.swift */ = {isa = PBXFileReference; lastKnownFileType = sourcecode.swift; path = Colors.swift; sourceTree = "<group>"; };
		83B664822213B26B0058917D /* APIManager.swift */ = {isa = PBXFileReference; lastKnownFileType = sourcecode.swift; path = APIManager.swift; sourceTree = "<group>"; };
		83B664842213B2F70058917D /* Networking.swift */ = {isa = PBXFileReference; lastKnownFileType = sourcecode.swift; path = Networking.swift; sourceTree = "<group>"; };
		83B664862213BA7E0058917D /* Movie.swift */ = {isa = PBXFileReference; lastKnownFileType = sourcecode.swift; path = Movie.swift; sourceTree = "<group>"; };
		83B664892213BB440058917D /* API+Error.swift */ = {isa = PBXFileReference; lastKnownFileType = sourcecode.swift; path = "API+Error.swift"; sourceTree = "<group>"; };
		83B6648B2213BFCD0058917D /* GenreList.swift */ = {isa = PBXFileReference; lastKnownFileType = sourcecode.swift; path = GenreList.swift; sourceTree = "<group>"; };
		83B6648D2213C1B90058917D /* Genre.swift */ = {isa = PBXFileReference; lastKnownFileType = sourcecode.swift; path = Genre.swift; sourceTree = "<group>"; };
		83B6648F2213C93E0058917D /* MovieList.swift */ = {isa = PBXFileReference; lastKnownFileType = sourcecode.swift; path = MovieList.swift; sourceTree = "<group>"; };
		83C233D72214A7BF00943F85 /* Header.swift */ = {isa = PBXFileReference; lastKnownFileType = sourcecode.swift; path = Header.swift; sourceTree = "<group>"; };
		83C233DB2214D76C00943F85 /* Fonts.swift */ = {isa = PBXFileReference; lastKnownFileType = sourcecode.swift; path = Fonts.swift; sourceTree = "<group>"; };
		83C233DD2214D85600943F85 /* HeaderSearchBar.swift */ = {isa = PBXFileReference; lastKnownFileType = sourcecode.swift; path = HeaderSearchBar.swift; sourceTree = "<group>"; };
		83C233E02214F7BB00943F85 /* MovieListView.swift */ = {isa = PBXFileReference; lastKnownFileType = sourcecode.swift; path = MovieListView.swift; sourceTree = "<group>"; };
		83C233E42214F8B100943F85 /* MovieCollectionViewController.swift */ = {isa = PBXFileReference; lastKnownFileType = sourcecode.swift; path = MovieCollectionViewController.swift; sourceTree = "<group>"; };
		83C233E72214FA4B00943F85 /* MovieDataSource.swift */ = {isa = PBXFileReference; lastKnownFileType = sourcecode.swift; path = MovieDataSource.swift; sourceTree = "<group>"; };
		83C233EB2214FAFD00943F85 /* DataManager.swift */ = {isa = PBXFileReference; lastKnownFileType = sourcecode.swift; path = DataManager.swift; sourceTree = "<group>"; };
		83C233ED2214FBD100943F85 /* MovieCell.swift */ = {isa = PBXFileReference; lastKnownFileType = sourcecode.swift; path = MovieCell.swift; sourceTree = "<group>"; };
		83C233EF2215FC5D00943F85 /* ImgView+Extensions.swift */ = {isa = PBXFileReference; lastKnownFileType = sourcecode.swift; path = "ImgView+Extensions.swift"; sourceTree = "<group>"; };
/* End PBXFileReference section */

/* Begin PBXFrameworksBuildPhase section */
		83B6645E2213AB050058917D /* Frameworks */ = {
			isa = PBXFrameworksBuildPhase;
			buildActionMask = 2147483647;
			files = (
			);
			runOnlyForDeploymentPostprocessing = 0;
		};
/* End PBXFrameworksBuildPhase section */

/* Begin PBXGroup section */
		837ECD38221754C1007DE164 /* Extensions */ = {
			isa = PBXGroup;
			children = (
				83C233EF2215FC5D00943F85 /* ImgView+Extensions.swift */,
				837ECD3622174EB9007DE164 /* UIView+Extensions.swift */,
			);
			path = Extensions;
			sourceTree = "<group>";
		};
		83B664582213AB050058917D = {
			isa = PBXGroup;
			children = (
				83B664632213AB050058917D /* The 10 - Chris */,
				83B664622213AB050058917D /* Products */,
			);
			sourceTree = "<group>";
		};
		83B664622213AB050058917D /* Products */ = {
			isa = PBXGroup;
			children = (
				83B664612213AB050058917D /* The 10 - Chris.app */,
			);
			name = Products;
			sourceTree = "<group>";
		};
		83B664632213AB050058917D /* The 10 - Chris */ = {
			isa = PBXGroup;
			children = (
				837ECD38221754C1007DE164 /* Extensions */,
				83B6647D2213AD6E0058917D /* Constants */,
				83B664812213B2540058917D /* API */,
				83B664782213AB230058917D /* Model */,
				83B664772213AB200058917D /* View */,
				83B664762213AB1A0058917D /* Controller */,
				83B664882213BABF0058917D /* Manager */,
				83B664642213AB050058917D /* AppDelegate.swift */,
				83B6646B2213AB060058917D /* Assets.xcassets */,
				83B6646D2213AB060058917D /* LaunchScreen.storyboard */,
				83B664702213AB060058917D /* Info.plist */,
			);
			path = "The 10 - Chris";
			sourceTree = "<group>";
		};
		83B664762213AB1A0058917D /* Controller */ = {
			isa = PBXGroup;
			children = (
				83C233E62214FA2300943F85 /* MovieCV */,
				83B664802213B2350058917D /* Home */,
			);
			path = Controller;
			sourceTree = "<group>";
		};
		83B664772213AB200058917D /* View */ = {
			isa = PBXGroup;
			children = (
				837ECD34221749E2007DE164 /* ScaledImageView.swift */,
				83C233DF2214F7A000943F85 /* MoviesView */,
				83C233D62214A7AE00943F85 /* HeaderView */,
			);
			path = View;
			sourceTree = "<group>";
		};
		83B664782213AB230058917D /* Model */ = {
			isa = PBXGroup;
			children = (
				83B664862213BA7E0058917D /* Movie.swift */,
				83B6648B2213BFCD0058917D /* GenreList.swift */,
				83B6648D2213C1B90058917D /* Genre.swift */,
				83B6648F2213C93E0058917D /* MovieList.swift */,
			);
			path = Model;
			sourceTree = "<group>";
		};
		83B6647D2213AD6E0058917D /* Constants */ = {
			isa = PBXGroup;
			children = (
				83B664842213B2F70058917D /* Networking.swift */,
				83B6647E2213AD860058917D /* Colors.swift */,
				83C233DB2214D76C00943F85 /* Fonts.swift */,
			);
			path = Constants;
			sourceTree = "<group>";
		};
		83B664802213B2350058917D /* Home */ = {
			isa = PBXGroup;
			children = (
				83B664662213AB050058917D /* HomeController.swift */,
			);
			path = Home;
			sourceTree = "<group>";
		};
		83B664812213B2540058917D /* API */ = {
			isa = PBXGroup;
			children = (
				83B664892213BB440058917D /* API+Error.swift */,
				83B664822213B26B0058917D /* APIManager.swift */,
			);
			path = API;
			sourceTree = "<group>";
		};
		83B664882213BABF0058917D /* Manager */ = {
			isa = PBXGroup;
			children = (
				83C233EB2214FAFD00943F85 /* DataManager.swift */,
			);
			path = Manager;
			sourceTree = "<group>";
		};
		83C233D62214A7AE00943F85 /* HeaderView */ = {
			isa = PBXGroup;
			children = (
				83C233D72214A7BF00943F85 /* Header.swift */,
				83C233DD2214D85600943F85 /* HeaderSearchBar.swift */,
			);
			path = HeaderView;
			sourceTree = "<group>";
		};
		83C233DF2214F7A000943F85 /* MoviesView */ = {
			isa = PBXGroup;
			children = (
				83C233E02214F7BB00943F85 /* MovieListView.swift */,
			);
			path = MoviesView;
			sourceTree = "<group>";
		};
		83C233E62214FA2300943F85 /* MovieCV */ = {
			isa = PBXGroup;
			children = (
				83C233E42214F8B100943F85 /* MovieCollectionViewController.swift */,
				83C233E72214FA4B00943F85 /* MovieDataSource.swift */,
				83C233ED2214FBD100943F85 /* MovieCell.swift */,
			);
			path = MovieCV;
			sourceTree = "<group>";
		};
/* End PBXGroup section */

/* Begin PBXNativeTarget section */
		83B664602213AB050058917D /* The 10 - Chris */ = {
			isa = PBXNativeTarget;
			buildConfigurationList = 83B664732213AB060058917D /* Build configuration list for PBXNativeTarget "The 10 - Chris" */;
			buildPhases = (
				83B6645D2213AB050058917D /* Sources */,
				83B6645E2213AB050058917D /* Frameworks */,
				83B6645F2213AB050058917D /* Resources */,
			);
			buildRules = (
			);
			dependencies = (
			);
			name = "The 10 - Chris";
			productName = "The 10 - Chris";
			productReference = 83B664612213AB050058917D /* The 10 - Chris.app */;
			productType = "com.apple.product-type.application";
		};
/* End PBXNativeTarget section */

/* Begin PBXProject section */
		83B664592213AB050058917D /* Project object */ = {
			isa = PBXProject;
			attributes = {
				LastSwiftUpdateCheck = 1010;
				LastUpgradeCheck = 1010;
				ORGANIZATIONNAME = "christopher downey";
				TargetAttributes = {
					83B664602213AB050058917D = {
						CreatedOnToolsVersion = 10.1;
					};
				};
			};
			buildConfigurationList = 83B6645C2213AB050058917D /* Build configuration list for PBXProject "The 10 - Chris" */;
			compatibilityVersion = "Xcode 9.3";
			developmentRegion = en;
			hasScannedForEncodings = 0;
			knownRegions = (
				en,
				Base,
			);
			mainGroup = 83B664582213AB050058917D;
			productRefGroup = 83B664622213AB050058917D /* Products */;
			projectDirPath = "";
			projectRoot = "";
			targets = (
				83B664602213AB050058917D /* The 10 - Chris */,
			);
		};
/* End PBXProject section */

/* Begin PBXResourcesBuildPhase section */
		83B6645F2213AB050058917D /* Resources */ = {
			isa = PBXResourcesBuildPhase;
			buildActionMask = 2147483647;
			files = (
				83B6646F2213AB060058917D /* LaunchScreen.storyboard in Resources */,
				83B6646C2213AB060058917D /* Assets.xcassets in Resources */,
			);
			runOnlyForDeploymentPostprocessing = 0;
		};
/* End PBXResourcesBuildPhase section */

/* Begin PBXSourcesBuildPhase section */
		83B6645D2213AB050058917D /* Sources */ = {
			isa = PBXSourcesBuildPhase;
			buildActionMask = 2147483647;
			files = (
				83C233DE2214D85600943F85 /* HeaderSearchBar.swift in Sources */,
				83C233E52214F8B100943F85 /* MovieCollectionViewController.swift in Sources */,
				83B664832213B26B0058917D /* APIManager.swift in Sources */,
				83C233EC2214FAFD00943F85 /* DataManager.swift in Sources */,
				83C233E12214F7BB00943F85 /* MovieListView.swift in Sources */,
				83C233E82214FA4B00943F85 /* MovieDataSource.swift in Sources */,
				83B6647F2213AD860058917D /* Colors.swift in Sources */,
				83C233DC2214D76C00943F85 /* Fonts.swift in Sources */,
				83B6648E2213C1B90058917D /* Genre.swift in Sources */,
				837ECD3722174EB9007DE164 /* UIView+Extensions.swift in Sources */,
				83C233D82214A7BF00943F85 /* Header.swift in Sources */,
				83B664672213AB050058917D /* HomeController.swift in Sources */,
				83B664902213C93E0058917D /* MovieList.swift in Sources */,
				83C233F02215FC5D00943F85 /* ImgView+Extensions.swift in Sources */,
				83B6648A2213BB440058917D /* API+Error.swift in Sources */,
				83B664652213AB050058917D /* AppDelegate.swift in Sources */,
				837ECD35221749E2007DE164 /* ScaledImageView.swift in Sources */,
				83B664872213BA7E0058917D /* Movie.swift in Sources */,
				83B664852213B2F70058917D /* Networking.swift in Sources */,
				83C233EE2214FBD100943F85 /* MovieCell.swift in Sources */,
				83B6648C2213BFCD0058917D /* GenreList.swift in Sources */,
			);
			runOnlyForDeploymentPostprocessing = 0;
		};
/* End PBXSourcesBuildPhase section */

/* Begin PBXVariantGroup section */
		83B6646D2213AB060058917D /* LaunchScreen.storyboard */ = {
			isa = PBXVariantGroup;
			children = (
				83B6646E2213AB060058917D /* Base */,
			);
			name = LaunchScreen.storyboard;
			sourceTree = "<group>";
		};
/* End PBXVariantGroup section */

/* Begin XCBuildConfiguration section */
		83B664712213AB060058917D /* Debug */ = {
			isa = XCBuildConfiguration;
			buildSettings = {
				ALWAYS_SEARCH_USER_PATHS = NO;
				CLANG_ANALYZER_NONNULL = YES;
				CLANG_ANALYZER_NUMBER_OBJECT_CONVERSION = YES_AGGRESSIVE;
				CLANG_CXX_LANGUAGE_STANDARD = "gnu++14";
				CLANG_CXX_LIBRARY = "libc++";
				CLANG_ENABLE_MODULES = YES;
				CLANG_ENABLE_OBJC_ARC = YES;
				CLANG_ENABLE_OBJC_WEAK = YES;
				CLANG_WARN_BLOCK_CAPTURE_AUTORELEASING = YES;
				CLANG_WARN_BOOL_CONVERSION = YES;
				CLANG_WARN_COMMA = YES;
				CLANG_WARN_CONSTANT_CONVERSION = YES;
				CLANG_WARN_DEPRECATED_OBJC_IMPLEMENTATIONS = YES;
				CLANG_WARN_DIRECT_OBJC_ISA_USAGE = YES_ERROR;
				CLANG_WARN_DOCUMENTATION_COMMENTS = YES;
				CLANG_WARN_EMPTY_BODY = YES;
				CLANG_WARN_ENUM_CONVERSION = YES;
				CLANG_WARN_INFINITE_RECURSION = YES;
				CLANG_WARN_INT_CONVERSION = YES;
				CLANG_WARN_NON_LITERAL_NULL_CONVERSION = YES;
				CLANG_WARN_OBJC_IMPLICIT_RETAIN_SELF = YES;
				CLANG_WARN_OBJC_LITERAL_CONVERSION = YES;
				CLANG_WARN_OBJC_ROOT_CLASS = YES_ERROR;
				CLANG_WARN_RANGE_LOOP_ANALYSIS = YES;
				CLANG_WARN_STRICT_PROTOTYPES = YES;
				CLANG_WARN_SUSPICIOUS_MOVE = YES;
				CLANG_WARN_UNGUARDED_AVAILABILITY = YES_AGGRESSIVE;
				CLANG_WARN_UNREACHABLE_CODE = YES;
				CLANG_WARN__DUPLICATE_METHOD_MATCH = YES;
				CODE_SIGN_IDENTITY = "iPhone Developer";
				COPY_PHASE_STRIP = NO;
				DEBUG_INFORMATION_FORMAT = dwarf;
				ENABLE_STRICT_OBJC_MSGSEND = YES;
				ENABLE_TESTABILITY = YES;
				GCC_C_LANGUAGE_STANDARD = gnu11;
				GCC_DYNAMIC_NO_PIC = NO;
				GCC_NO_COMMON_BLOCKS = YES;
				GCC_OPTIMIZATION_LEVEL = 0;
				GCC_PREPROCESSOR_DEFINITIONS = (
					"DEBUG=1",
					"$(inherited)",
				);
				GCC_WARN_64_TO_32_BIT_CONVERSION = YES;
				GCC_WARN_ABOUT_RETURN_TYPE = YES_ERROR;
				GCC_WARN_UNDECLARED_SELECTOR = YES;
				GCC_WARN_UNINITIALIZED_AUTOS = YES_AGGRESSIVE;
				GCC_WARN_UNUSED_FUNCTION = YES;
				GCC_WARN_UNUSED_VARIABLE = YES;
				IPHONEOS_DEPLOYMENT_TARGET = 12.1;
				MTL_ENABLE_DEBUG_INFO = INCLUDE_SOURCE;
				MTL_FAST_MATH = YES;
				ONLY_ACTIVE_ARCH = YES;
				SDKROOT = iphoneos;
				SWIFT_ACTIVE_COMPILATION_CONDITIONS = DEBUG;
				SWIFT_OPTIMIZATION_LEVEL = "-Onone";
			};
			name = Debug;
		};
		83B664722213AB060058917D /* Release */ = {
			isa = XCBuildConfiguration;
			buildSettings = {
				ALWAYS_SEARCH_USER_PATHS = NO;
				CLANG_ANALYZER_NONNULL = YES;
				CLANG_ANALYZER_NUMBER_OBJECT_CONVERSION = YES_AGGRESSIVE;
				CLANG_CXX_LANGUAGE_STANDARD = "gnu++14";
				CLANG_CXX_LIBRARY = "libc++";
				CLANG_ENABLE_MODULES = YES;
				CLANG_ENABLE_OBJC_ARC = YES;
				CLANG_ENABLE_OBJC_WEAK = YES;
				CLANG_WARN_BLOCK_CAPTURE_AUTORELEASING = YES;
				CLANG_WARN_BOOL_CONVERSION = YES;
				CLANG_WARN_COMMA = YES;
				CLANG_WARN_CONSTANT_CONVERSION = YES;
				CLANG_WARN_DEPRECATED_OBJC_IMPLEMENTATIONS = YES;
				CLANG_WARN_DIRECT_OBJC_ISA_USAGE = YES_ERROR;
				CLANG_WARN_DOCUMENTATION_COMMENTS = YES;
				CLANG_WARN_EMPTY_BODY = YES;
				CLANG_WARN_ENUM_CONVERSION = YES;
				CLANG_WARN_INFINITE_RECURSION = YES;
				CLANG_WARN_INT_CONVERSION = YES;
				CLANG_WARN_NON_LITERAL_NULL_CONVERSION = YES;
				CLANG_WARN_OBJC_IMPLICIT_RETAIN_SELF = YES;
				CLANG_WARN_OBJC_LITERAL_CONVERSION = YES;
				CLANG_WARN_OBJC_ROOT_CLASS = YES_ERROR;
				CLANG_WARN_RANGE_LOOP_ANALYSIS = YES;
				CLANG_WARN_STRICT_PROTOTYPES = YES;
				CLANG_WARN_SUSPICIOUS_MOVE = YES;
				CLANG_WARN_UNGUARDED_AVAILABILITY = YES_AGGRESSIVE;
				CLANG_WARN_UNREACHABLE_CODE = YES;
				CLANG_WARN__DUPLICATE_METHOD_MATCH = YES;
				CODE_SIGN_IDENTITY = "iPhone Developer";
				COPY_PHASE_STRIP = NO;
				DEBUG_INFORMATION_FORMAT = "dwarf-with-dsym";
				ENABLE_NS_ASSERTIONS = NO;
				ENABLE_STRICT_OBJC_MSGSEND = YES;
				GCC_C_LANGUAGE_STANDARD = gnu11;
				GCC_NO_COMMON_BLOCKS = YES;
				GCC_WARN_64_TO_32_BIT_CONVERSION = YES;
				GCC_WARN_ABOUT_RETURN_TYPE = YES_ERROR;
				GCC_WARN_UNDECLARED_SELECTOR = YES;
				GCC_WARN_UNINITIALIZED_AUTOS = YES_AGGRESSIVE;
				GCC_WARN_UNUSED_FUNCTION = YES;
				GCC_WARN_UNUSED_VARIABLE = YES;
				IPHONEOS_DEPLOYMENT_TARGET = 12.1;
				MTL_ENABLE_DEBUG_INFO = NO;
				MTL_FAST_MATH = YES;
				SDKROOT = iphoneos;
				SWIFT_COMPILATION_MODE = wholemodule;
				SWIFT_OPTIMIZATION_LEVEL = "-O";
				VALIDATE_PRODUCT = YES;
			};
			name = Release;
		};
		83B664742213AB060058917D /* Debug */ = {
			isa = XCBuildConfiguration;
			buildSettings = {
				ASSETCATALOG_COMPILER_APPICON_NAME = AppIcon;
				CODE_SIGN_STYLE = Automatic;
				DEVELOPMENT_TEAM = AKA8832466;
				INFOPLIST_FILE = "The 10 - Chris/Info.plist";
				LD_RUNPATH_SEARCH_PATHS = (
					"$(inherited)",
					"@executable_path/Frameworks",
				);
				PRODUCT_BUNDLE_IDENTIFIER = "com.chris.The-10---Chris";
				PRODUCT_NAME = "$(TARGET_NAME)";
				SWIFT_VERSION = 4.2;
				TARGETED_DEVICE_FAMILY = 1;
			};
			name = Debug;
		};
		83B664752213AB060058917D /* Release */ = {
			isa = XCBuildConfiguration;
			buildSettings = {
				ASSETCATALOG_COMPILER_APPICON_NAME = AppIcon;
				CODE_SIGN_STYLE = Automatic;
				DEVELOPMENT_TEAM = AKA8832466;
				INFOPLIST_FILE = "The 10 - Chris/Info.plist";
				LD_RUNPATH_SEARCH_PATHS = (
					"$(inherited)",
					"@executable_path/Frameworks",
				);
				PRODUCT_BUNDLE_IDENTIFIER = "com.chris.The-10---Chris";
				PRODUCT_NAME = "$(TARGET_NAME)";
				SWIFT_VERSION = 4.2;
				TARGETED_DEVICE_FAMILY = 1;
			};
			name = Release;
		};
/* End XCBuildConfiguration section */

/* Begin XCConfigurationList section */
		83B6645C2213AB050058917D /* Build configuration list for PBXProject "The 10 - Chris" */ = {
			isa = XCConfigurationList;
			buildConfigurations = (
				83B664712213AB060058917D /* Debug */,
				83B664722213AB060058917D /* Release */,
			);
			defaultConfigurationIsVisible = 0;
			defaultConfigurationName = Release;
		};
		83B664732213AB060058917D /* Build configuration list for PBXNativeTarget "The 10 - Chris" */ = {
			isa = XCConfigurationList;
			buildConfigurations = (
				83B664742213AB060058917D /* Debug */,
				83B664752213AB060058917D /* Release */,
			);
			defaultConfigurationIsVisible = 0;
			defaultConfigurationName = Release;
		};
/* End XCConfigurationList section */
	};
	rootObject = 83B664592213AB050058917D /* Project object */;
}
